
Microsoft Visual Studio Solution File, Format Version 11.00
# Visual Studio 2010
Project("{FAE04EC0-301F-11D3-BF4B-00C04F79EFBC}") = "GameForProject", "Assembly-CSharp.csproj", "{60C1114E-00CA-65F6-5469-67C808394D9F}"
EndProject
Project("{FAE04EC0-301F-11D3-BF4B-00C04F79EFBC}") = "GameForProject", "Assembly-CSharp-Editor.csproj", "{8D92CB71-2DCC-ABAA-7FCB-32A224615F5A}"
EndProject
Global
	GlobalSection(SolutionConfigurationPlatforms) = preSolution
		Debug|Any CPU = Debug|Any CPU
		Release|Any CPU = Release|Any CPU
	EndGlobalSection
	GlobalSection(ProjectConfigurationPlatforms) = postSolution
		{60C1114E-00CA-65F6-5469-67C808394D9F}.Debug|Any CPU.ActiveCfg = Debug|Any CPU
		{60C1114E-00CA-65F6-5469-67C808394D9F}.Debug|Any CPU.Build.0 = Debug|Any CPU
		{60C1114E-00CA-65F6-5469-67C808394D9F}.Release|Any CPU.ActiveCfg = Release|Any CPU
		{60C1114E-00CA-65F6-5469-67C808394D9F}.Release|Any CPU.Build.0 = Release|Any CPU
		{8D92CB71-2DCC-ABAA-7FCB-32A224615F5A}.Debug|Any CPU.ActiveCfg = Debug|Any CPU
		{8D92CB71-2DCC-ABAA-7FCB-32A224615F5A}.Debug|Any CPU.Build.0 = Debug|Any CPU
		{8D92CB71-2DCC-ABAA-7FCB-32A224615F5A}.Release|Any CPU.ActiveCfg = Release|Any CPU
		{8D92CB71-2DCC-ABAA-7FCB-32A224615F5A}.Release|Any CPU.Build.0 = Release|Any CPU
	EndGlobalSection
	GlobalSection(SolutionProperties) = preSolution
		HideSolutionNode = FALSE
	EndGlobalSection
	GlobalSection(MonoDevelopProperties) = preSolution
		StartupItem = Assembly-CSharp.csproj
	EndGlobalSection
EndGlobal
